
Microsoft Visual Studio Solution File, Format Version 12.00
# Visual Studio Version 17
VisualStudioVersion = 17.0.31903.59
MinimumVisualStudioVersion = 10.0.40219.1
Project("{9A19103F-16F7-4668-BE54-9A1E7A4F7556}") = "DynamoDbTransfer", "DynamoDbTransfer.csproj", "{BC168EC2-E5F6-4266-8996-80DE6E66C8F9}"
EndProject
Global
	GlobalSection(SolutionConfigurationPlatforms) = preSolution
		Debug|Any CPU = Debug|Any CPU
		Release|Any CPU = Release|Any CPU
	EndGlobalSection
	GlobalSection(ProjectConfigurationPlatforms) = postSolution
		{BC168EC2-E5F6-4266-8996-80DE6E66C8F9}.Debug|Any CPU.ActiveCfg = Debug|Any CPU
		{BC168EC2-E5F6-4266-8996-80DE6E66C8F9}.Debug|Any CPU.Build.0 = Debug|Any CPU
		{BC168EC2-E5F6-4266-8996-80DE6E66C8F9}.Release|Any CPU.ActiveCfg = Release|Any CPU
		{BC168EC2-E5F6-4266-8996-80DE6E66C8F9}.Release|Any CPU.Build.0 = Release|Any CPU
	EndGlobalSection
	GlobalSection(SolutionProperties) = preSolution
		HideSolutionNode = FALSE
	EndGlobalSection
	GlobalSection(ExtensibilityGlobals) = postSolution
		SolutionGuid = {18B147A7-71EE-4189-B4F8-21933E3B4540}
	EndGlobalSection
EndGlobal
